// !$*UTF8*$!
{
	archiveVersion = 1;
	classes = {
	};
	objectVersion = 46;
	objects = {

/* Begin PBXBuildFile section */
		4110EB5418F25C3800756032 /* ASDTLEPass.cpp in Sources */ = {isa = PBXBuildFile; fileRef = 4110EB5218F25C3700756032 /* ASDTLEPass.cpp */; };
		4110EB5718F26CA000756032 /* ASDTLEPassFactory.cpp in Sources */ = {isa = PBXBuildFile; fileRef = 4110EB5518F26CA000756032 /* ASDTLEPassFactory.cpp */; };
		416D3A3D18F2A3E4005BCA51 /* ASDRotationSolver.cpp in Sources */ = {isa = PBXBuildFile; fileRef = 416D3A3B18F2A3E4005BCA51 /* ASDRotationSolver.cpp */; };
		C3104D3217591353009EB691 /* ASDNetworkServer.cpp in Sources */ = {isa = PBXBuildFile; fileRef = C3104D3017591353009EB691 /* ASDNetworkServer.cpp */; };
		C31409C517812D8D00F320FE /* ASDServerDatabase.cpp in Sources */ = {isa = PBXBuildFile; fileRef = C31409C317812D8D00F320FE /* ASDServerDatabase.cpp */; };
		C31409C81781303900F320FE /* ASDServerOperation.cpp in Sources */ = {isa = PBXBuildFile; fileRef = C31409C61781303900F320FE /* ASDServerOperation.cpp */; };
		C325850717568F54000EDE42 /* libcrypto.dylib in Frameworks */ = {isa = PBXBuildFile; fileRef = C325850617568F54000EDE42 /* libcrypto.dylib */; };
		C325855117569147000EDE42 /* libssl.dylib in Frameworks */ = {isa = PBXBuildFile; fileRef = C325855017569147000EDE42 /* libssl.dylib */; };
		C325855417569168000EDE42 /* libboost_system.a in Frameworks */ = {isa = PBXBuildFile; fileRef = C325855217569168000EDE42 /* libboost_system.a */; };
		C325855517569168000EDE42 /* libboost_thread.a in Frameworks */ = {isa = PBXBuildFile; fileRef = C325855317569168000EDE42 /* libboost_thread.a */; };
		C325855917569174000EDE42 /* libcppnetlib-client-connections.a in Frameworks */ = {isa = PBXBuildFile; fileRef = C325855617569174000EDE42 /* libcppnetlib-client-connections.a */; };
		C325855A17569174000EDE42 /* libcppnetlib-server-parsers.a in Frameworks */ = {isa = PBXBuildFile; fileRef = C325855717569174000EDE42 /* libcppnetlib-server-parsers.a */; };
		C325855B17569174000EDE42 /* libcppnetlib-uri.a in Frameworks */ = {isa = PBXBuildFile; fileRef = C325855817569174000EDE42 /* libcppnetlib-uri.a */; };
		C35DC8C118D8B07A003370D0 /* IRXDaemon.cpp in Sources */ = {isa = PBXBuildFile; fileRef = C35DC89A18D8B07A003370D0 /* IRXDaemon.cpp */; };
		C35DC8C218D8B07A003370D0 /* ExtentManager.cpp in Sources */ = {isa = PBXBuildFile; fileRef = C35DC89D18D8B07A003370D0 /* ExtentManager.cpp */; };
		C35DC8C318D8B07A003370D0 /* getmntopts.c in Sources */ = {isa = PBXBuildFile; fileRef = C35DC8A018D8B07A003370D0 /* getmntopts.c */; };
		C35DC8C418D8B07A003370D0 /* humanize_number.c in Sources */ = {isa = PBXBuildFile; fileRef = C35DC8A218D8B07A003370D0 /* humanize_number.c */; };
		C35DC8C518D8B07A003370D0 /* pidfile.c in Sources */ = {isa = PBXBuildFile; fileRef = C35DC8AC18D8B07A003370D0 /* pidfile.c */; };
		C35DC8C618D8B07A003370D0 /* realhostname.c in Sources */ = {isa = PBXBuildFile; fileRef = C35DC8AE18D8B07A003370D0 /* realhostname.c */; };
		C35DC8C718D8B07A003370D0 /* reexec_to_match_kernel.c in Sources */ = {isa = PBXBuildFile; fileRef = C35DC8B118D8B07A003370D0 /* reexec_to_match_kernel.c */; };
		C35DC8C818D8B07A003370D0 /* trimdomain.c in Sources */ = {isa = PBXBuildFile; fileRef = C35DC8B318D8B07A003370D0 /* trimdomain.c */; };
		C35DC8C918D8B07A003370D0 /* wipefs.cpp in Sources */ = {isa = PBXBuildFile; fileRef = C35DC8B518D8B07A003370D0 /* wipefs.cpp */; };
		C35DC8CA18D8B07A003370D0 /* main.cpp in Sources */ = {isa = PBXBuildFile; fileRef = C35DC8B718D8B07A003370D0 /* main.cpp */; };
		C35DC8CB18D8B07A003370D0 /* IRXTime.cpp in Sources */ = {isa = PBXBuildFile; fileRef = C35DC8BC18D8B07A003370D0 /* IRXTime.cpp */; };
		C35DC8CC18D8B07A003370D0 /* IRXTimeDiff.cpp in Sources */ = {isa = PBXBuildFile; fileRef = C35DC8BE18D8B07A003370D0 /* IRXTimeDiff.cpp */; };
		C35DC94918D8B085003370D0 /* TGSDeviceInterface.cpp in Sources */ = {isa = PBXBuildFile; fileRef = C35DC8D318D8B084003370D0 /* TGSDeviceInterface.cpp */; };
		C35DC94A18D8B085003370D0 /* TGSDeviceLoader.cpp in Sources */ = {isa = PBXBuildFile; fileRef = C35DC8D518D8B084003370D0 /* TGSDeviceLoader.cpp */; };
		C35DC94B18D8B085003370D0 /* TGSDeviceManager.cpp in Sources */ = {isa = PBXBuildFile; fileRef = C35DC8D718D8B084003370D0 /* TGSDeviceManager.cpp */; };
		C35DC94C18D8B085003370D0 /* TGSRotatorGS232B.cpp in Sources */ = {isa = PBXBuildFile; fileRef = C35DC8D918D8B084003370D0 /* TGSRotatorGS232B.cpp */; };
		C35DC94D18D8B085003370D0 /* TGSRotatorInterface.cpp in Sources */ = {isa = PBXBuildFile; fileRef = C35DC8DB18D8B084003370D0 /* TGSRotatorInterface.cpp */; };
		C35DC94E18D8B085003370D0 /* TGSSerial.cpp in Sources */ = {isa = PBXBuildFile; fileRef = C35DC8DD18D8B084003370D0 /* TGSSerial.cpp */; };
		C35DC94F18D8B085003370D0 /* TGSTNCInterface.cpp in Sources */ = {isa = PBXBuildFile; fileRef = C35DC8DF18D8B084003370D0 /* TGSTNCInterface.cpp */; };
		C35DC95018D8B085003370D0 /* TGSTNCTNC555.cpp in Sources */ = {isa = PBXBuildFile; fileRef = C35DC8E118D8B084003370D0 /* TGSTNCTNC555.cpp */; };
		C35DC95118D8B085003370D0 /* TGSTransceiverCIV.cpp in Sources */ = {isa = PBXBuildFile; fileRef = C35DC8E318D8B084003370D0 /* TGSTransceiverCIV.cpp */; };
		C35DC95218D8B085003370D0 /* TGSTransceiverIC9100.cpp in Sources */ = {isa = PBXBuildFile; fileRef = C35DC8E518D8B084003370D0 /* TGSTransceiverIC9100.cpp */; };
		C35DC95318D8B085003370D0 /* TGSTransceiverInterface.cpp in Sources */ = {isa = PBXBuildFile; fileRef = C35DC8E718D8B084003370D0 /* TGSTransceiverInterface.cpp */; };
		C35DC95518D8B085003370D0 /* tinyxml2.cpp in Sources */ = {isa = PBXBuildFile; fileRef = C35DC8FA18D8B085003370D0 /* tinyxml2.cpp */; };
		C35DC95718D8B085003370D0 /* cEci.cpp in Sources */ = {isa = PBXBuildFile; fileRef = C35DC90218D8B085003370D0 /* cEci.cpp */; };
		C35DC95818D8B085003370D0 /* cJulian.cpp in Sources */ = {isa = PBXBuildFile; fileRef = C35DC90418D8B085003370D0 /* cJulian.cpp */; };
		C35DC95918D8B085003370D0 /* coord.cpp in Sources */ = {isa = PBXBuildFile; fileRef = C35DC90618D8B085003370D0 /* coord.cpp */; };
		C35DC95A18D8B085003370D0 /* cSite.cpp in Sources */ = {isa = PBXBuildFile; fileRef = C35DC90B18D8B085003370D0 /* cSite.cpp */; };
		C35DC95B18D8B085003370D0 /* cTLE.cpp in Sources */ = {isa = PBXBuildFile; fileRef = C35DC90D18D8B085003370D0 /* cTLE.cpp */; };
		C35DC95C18D8B085003370D0 /* cVector.cpp in Sources */ = {isa = PBXBuildFile; fileRef = C35DC90F18D8B085003370D0 /* cVector.cpp */; };
		C35DC95D18D8B085003370D0 /* globals.cpp in Sources */ = {isa = PBXBuildFile; fileRef = C35DC91218D8B085003370D0 /* globals.cpp */; };
		C35DC95E18D8B085003370D0 /* stdafx.cpp in Sources */ = {isa = PBXBuildFile; fileRef = C35DC91518D8B085003370D0 /* stdafx.cpp */; };
		C35DC95F18D8B085003370D0 /* cNoradBase.cpp in Sources */ = {isa = PBXBuildFile; fileRef = C35DC91818D8B085003370D0 /* cNoradBase.cpp */; };
		C35DC96018D8B085003370D0 /* cNoradSDP4.cpp in Sources */ = {isa = PBXBuildFile; fileRef = C35DC91A18D8B085003370D0 /* cNoradSDP4.cpp */; };
		C35DC96118D8B085003370D0 /* cNoradSGP4.cpp in Sources */ = {isa = PBXBuildFile; fileRef = C35DC91C18D8B085003370D0 /* cNoradSGP4.cpp */; };
		C35DC96218D8B085003370D0 /* cOrbit.cpp in Sources */ = {isa = PBXBuildFile; fileRef = C35DC91E18D8B085003370D0 /* cOrbit.cpp */; };
		C35DC96318D8B085003370D0 /* stdafx.cpp in Sources */ = {isa = PBXBuildFile; fileRef = C35DC92318D8B085003370D0 /* stdafx.cpp */; };
		C35DC96618D8B085003370D0 /* TGSOrbitInterface.cpp in Sources */ = {isa = PBXBuildFile; fileRef = C35DC93018D8B085003370D0 /* TGSOrbitInterface.cpp */; };
		C35DC96718D8B085003370D0 /* TGSOrbitTLE.cpp in Sources */ = {isa = PBXBuildFile; fileRef = C35DC93218D8B085003370D0 /* TGSOrbitTLE.cpp */; };
		C35DC96818D8B085003370D0 /* TGSPhysicsDatabase.cpp in Sources */ = {isa = PBXBuildFile; fileRef = C35DC93418D8B085003370D0 /* TGSPhysicsDatabase.cpp */; };
		C35DC96918D8B085003370D0 /* TGSPhysicsProcessor.cpp in Sources */ = {isa = PBXBuildFile; fileRef = C35DC93618D8B085003370D0 /* TGSPhysicsProcessor.cpp */; };
		C35DC96B18D8B085003370D0 /* sqlite3.c in Sources */ = {isa = PBXBuildFile; fileRef = C35DC93A18D8B085003370D0 /* sqlite3.c */; };
		C35DC96C18D8B085003370D0 /* TGSDatabaseInterface.cpp in Sources */ = {isa = PBXBuildFile; fileRef = C35DC93D18D8B085003370D0 /* TGSDatabaseInterface.cpp */; };
		C35DC96D18D8B085003370D0 /* TGSError.cpp in Sources */ = {isa = PBXBuildFile; fileRef = C35DC93F18D8B085003370D0 /* TGSError.cpp */; };
		C35DC96E18D8B085003370D0 /* TGSTelemetryINVADER.cpp in Sources */ = {isa = PBXBuildFile; fileRef = C35DC94118D8B085003370D0 /* TGSTelemetryINVADER.cpp */; };
		C35DC96F18D8B085003370D0 /* TGSType.cpp in Sources */ = {isa = PBXBuildFile; fileRef = C35DC94318D8B085003370D0 /* TGSType.cpp */; };
		C35E40E6175BC55C00B8B819 /* ASDDeviceRotator.cpp in Sources */ = {isa = PBXBuildFile; fileRef = C35E40E0175BC55A00B8B819 /* ASDDeviceRotator.cpp */; };
		C35E40E7175BC55C00B8B819 /* ASDDeviceTNC.cpp in Sources */ = {isa = PBXBuildFile; fileRef = C35E40E2175BC55A00B8B819 /* ASDDeviceTNC.cpp */; };
		C35E40E8175BC55C00B8B819 /* ASDDeviceTransceiver.cpp in Sources */ = {isa = PBXBuildFile; fileRef = C35E40E4175BC55B00B8B819 /* ASDDeviceTransceiver.cpp */; };
		C380CAA217ABCEA0004AFB64 /* ASDTLEClientCelestrak.cpp in Sources */ = {isa = PBXBuildFile; fileRef = C380CAA017ABCEA0004AFB64 /* ASDTLEClientCelestrak.cpp */; };
		C3892EC1191A8B4D00BC79C7 /* ASDPluginInterface.cpp in Sources */ = {isa = PBXBuildFile; fileRef = C3892EBF191A8B4D00BC79C7 /* ASDPluginInterface.cpp */; };
		C3892EC4191A8D2600BC79C7 /* ASDPluginINVADER.cpp in Sources */ = {isa = PBXBuildFile; fileRef = C3892EC2191A8D2600BC79C7 /* ASDPluginINVADER.cpp */; };
		C3999F751794838100955327 /* artsatd.cpp in Sources */ = {isa = PBXBuildFile; fileRef = C3999F731794838100955327 /* artsatd.cpp */; };
		C3B05C841923DCB400A110B6 /* ASDDeviceInterface.cpp in Sources */ = {isa = PBXBuildFile; fileRef = C3B05C821923DCB400A110B6 /* ASDDeviceInterface.cpp */; };
		C3D9ABCA177DF71800A8A6C4 /* ASDTLEClientInterface.cpp in Sources */ = {isa = PBXBuildFile; fileRef = C3D9ABC8177DF71600A8A6C4 /* ASDTLEClientInterface.cpp */; };
		C3E8B3CA18C30BB10061702D /* ASDServerRPC.cpp in Sources */ = {isa = PBXBuildFile; fileRef = C3E8B3C618C30BB10061702D /* ASDServerRPC.cpp */; };
		C3E8B3CB18C30BB10061702D /* ASDServerRPCMethod.cpp in Sources */ = {isa = PBXBuildFile; fileRef = C3E8B3C818C30BB10061702D /* ASDServerRPCMethod.cpp */; };
/* End PBXBuildFile section */

/* Begin PBXFileReference section */
		4110EB5218F25C3700756032 /* ASDTLEPass.cpp */ = {isa = PBXFileReference; fileEncoding = 4; lastKnownFileType = sourcecode.cpp.cpp; path = ASDTLEPass.cpp; sourceTree = "<group>"; };
		4110EB5318F25C3700756032 /* ASDTLEPass.h */ = {isa = PBXFileReference; fileEncoding = 4; lastKnownFileType = sourcecode.c.h; path = ASDTLEPass.h; sourceTree = "<group>"; };
		4110EB5518F26CA000756032 /* ASDTLEPassFactory.cpp */ = {isa = PBXFileReference; fileEncoding = 4; lastKnownFileType = sourcecode.cpp.cpp; path = ASDTLEPassFactory.cpp; sourceTree = "<group>"; };
		4110EB5618F26CA000756032 /* ASDTLEPassFactory.h */ = {isa = PBXFileReference; fileEncoding = 4; lastKnownFileType = sourcecode.c.h; path = ASDTLEPassFactory.h; sourceTree = "<group>"; };
		416D3A3B18F2A3E4005BCA51 /* ASDRotationSolver.cpp */ = {isa = PBXFileReference; fileEncoding = 4; lastKnownFileType = sourcecode.cpp.cpp; path = ASDRotationSolver.cpp; sourceTree = "<group>"; };
		416D3A3C18F2A3E4005BCA51 /* ASDRotationSolver.h */ = {isa = PBXFileReference; fileEncoding = 4; lastKnownFileType = sourcecode.c.h; path = ASDRotationSolver.h; sourceTree = "<group>"; };
		C3104D3017591353009EB691 /* ASDNetworkServer.cpp */ = {isa = PBXFileReference; fileEncoding = 4; lastKnownFileType = sourcecode.cpp.cpp; path = ASDNetworkServer.cpp; sourceTree = "<group>"; };
		C3104D3117591353009EB691 /* ASDNetworkServer.h */ = {isa = PBXFileReference; fileEncoding = 4; lastKnownFileType = sourcecode.c.h; path = ASDNetworkServer.h; sourceTree = "<group>"; };
		C31408CC1780A22100F320FE /* document.h */ = {isa = PBXFileReference; fileEncoding = 4; lastKnownFileType = sourcecode.c.h; path = document.h; sourceTree = "<group>"; };
		C31408CD1780A22100F320FE /* filestream.h */ = {isa = PBXFileReference; fileEncoding = 4; lastKnownFileType = sourcecode.c.h; path = filestream.h; sourceTree = "<group>"; };
		C31408CF1780A22100F320FE /* pow10.h */ = {isa = PBXFileReference; fileEncoding = 4; lastKnownFileType = sourcecode.c.h; path = pow10.h; sourceTree = "<group>"; };
		C31408D01780A22100F320FE /* stack.h */ = {isa = PBXFileReference; fileEncoding = 4; lastKnownFileType = sourcecode.c.h; path = stack.h; sourceTree = "<group>"; };
		C31408D11780A22100F320FE /* strfunc.h */ = {isa = PBXFileReference; fileEncoding = 4; lastKnownFileType = sourcecode.c.h; path = strfunc.h; sourceTree = "<group>"; };
		C31408D21780A22100F320FE /* prettywriter.h */ = {isa = PBXFileReference; fileEncoding = 4; lastKnownFileType = sourcecode.c.h; path = prettywriter.h; sourceTree = "<group>"; };
		C31408D31780A22100F320FE /* rapidjson.h */ = {isa = PBXFileReference; fileEncoding = 4; lastKnownFileType = sourcecode.c.h; path = rapidjson.h; sourceTree = "<group>"; };
		C31408D41780A22100F320FE /* reader.h */ = {isa = PBXFileReference; fileEncoding = 4; lastKnownFileType = sourcecode.c.h; path = reader.h; sourceTree = "<group>"; };
		C31408D51780A22100F320FE /* stringbuffer.h */ = {isa = PBXFileReference; fileEncoding = 4; lastKnownFileType = sourcecode.c.h; path = stringbuffer.h; sourceTree = "<group>"; };
		C31408D61780A22100F320FE /* writer.h */ = {isa = PBXFileReference; fileEncoding = 4; lastKnownFileType = sourcecode.c.h; path = writer.h; sourceTree = "<group>"; };
		C31409C317812D8D00F320FE /* ASDServerDatabase.cpp */ = {isa = PBXFileReference; fileEncoding = 4; lastKnownFileType = sourcecode.cpp.cpp; path = ASDServerDatabase.cpp; sourceTree = "<group>"; };
		C31409C417812D8D00F320FE /* ASDServerDatabase.h */ = {isa = PBXFileReference; fileEncoding = 4; lastKnownFileType = sourcecode.c.h; path = ASDServerDatabase.h; sourceTree = "<group>"; };
		C31409C61781303900F320FE /* ASDServerOperation.cpp */ = {isa = PBXFileReference; fileEncoding = 4; lastKnownFileType = sourcecode.cpp.cpp; path = ASDServerOperation.cpp; sourceTree = "<group>"; };
		C31409C71781303900F320FE /* ASDServerOperation.h */ = {isa = PBXFileReference; fileEncoding = 4; lastKnownFileType = sourcecode.c.h; path = ASDServerOperation.h; sourceTree = "<group>"; };
		C31DC1C0192BC2F900AE6A3A /* config.xml */ = {isa = PBXFileReference; fileEncoding = 4; lastKnownFileType = text.xml; path = config.xml; sourceTree = "<group>"; };
		C31DC1C1192BC2F900AE6A3A /* device.xml */ = {isa = PBXFileReference; fileEncoding = 4; lastKnownFileType = text.xml; path = device.xml; sourceTree = "<group>"; };
		C31DC1C2192BC2F900AE6A3A /* network.xml */ = {isa = PBXFileReference; fileEncoding = 4; lastKnownFileType = text.xml; path = network.xml; sourceTree = "<group>"; };
		C31DC1C3192BC2F900AE6A3A /* plugin.xml */ = {isa = PBXFileReference; fileEncoding = 4; lastKnownFileType = text.xml; path = plugin.xml; sourceTree = "<group>"; };
		C31DC1C6192BC2F900AE6A3A /* default.css */ = {isa = PBXFileReference; fileEncoding = 4; lastKnownFileType = text.css; path = default.css; sourceTree = "<group>"; };
		C31DC1C8192BC2F900AE6A3A /* TamabiGS.app.zip */ = {isa = PBXFileReference; lastKnownFileType = archive.zip; path = TamabiGS.app.zip; sourceTree = "<group>"; };
		C31DC1C9192BC2F900AE6A3A /* hardware.html */ = {isa = PBXFileReference; fileEncoding = 4; lastKnownFileType = text.html; path = hardware.html; sourceTree = "<group>"; };
		C31DC1CA192BC2F900AE6A3A /* orbital.html */ = {isa = PBXFileReference; fileEncoding = 4; lastKnownFileType = text.html; path = orbital.html; sourceTree = "<group>"; };
		C31DC1CC192BC2F900AE6A3A /* invader.html */ = {isa = PBXFileReference; fileEncoding = 4; lastKnownFileType = text.html; path = invader.html; sourceTree = "<group>"; };
		C31DC1CD192BC2F900AE6A3A /* root.html */ = {isa = PBXFileReference; fileEncoding = 4; lastKnownFileType = text.html; path = root.html; sourceTree = "<group>"; };
		C31DC1CE192BC2F900AE6A3A /* streaming.html */ = {isa = PBXFileReference; fileEncoding = 4; lastKnownFileType = text.html; path = streaming.html; sourceTree = "<group>"; };
		C31DC1CF192BC2F900AE6A3A /* webcam.html */ = {isa = PBXFileReference; fileEncoding = 4; lastKnownFileType = text.html; path = webcam.html; sourceTree = "<group>"; };
		C31DC1D3192BC2F900AE6A3A /* jp.artsat.artsatd.plist */ = {isa = PBXFileReference; fileEncoding = 4; lastKnownFileType = text.plist.xml; path = jp.artsat.artsatd.plist; sourceTree = "<group>"; };
		C325847C175645E3000EDE42 /* artsatd */ = {isa = PBXFileReference; explicitFileType = "compiled.mach-o.executable"; includeInIndex = 0; path = artsatd; sourceTree = BUILT_PRODUCTS_DIR; };
		C325850617568F54000EDE42 /* libcrypto.dylib */ = {isa = PBXFileReference; lastKnownFileType = "compiled.mach-o.dylib"; name = libcrypto.dylib; path = /usr/lib/libcrypto.dylib; sourceTree = "<absolute>"; };
		C325855017569147000EDE42 /* libssl.dylib */ = {isa = PBXFileReference; lastKnownFileType = "compiled.mach-o.dylib"; name = libssl.dylib; path = ../../../../../../usr/lib/libssl.dylib; sourceTree = "<group>"; };
		C325855217569168000EDE42 /* libboost_system.a */ = {isa = PBXFileReference; lastKnownFileType = archive.ar; name = libboost_system.a; path = ../../../../../../usr/local/boost_gcc/lib/a/libboost_system.a; sourceTree = "<group>"; };
		C325855317569168000EDE42 /* libboost_thread.a */ = {isa = PBXFileReference; lastKnownFileType = archive.ar; name = libboost_thread.a; path = ../../../../../../usr/local/boost_gcc/lib/a/libboost_thread.a; sourceTree = "<group>"; };
		C325855617569174000EDE42 /* libcppnetlib-client-connections.a */ = {isa = PBXFileReference; lastKnownFileType = archive.ar; name = "libcppnetlib-client-connections.a"; path = "../../../../../../usr/local/cpp-netlib_gcc/lib/a/libcppnetlib-client-connections.a"; sourceTree = "<group>"; };
		C325855717569174000EDE42 /* libcppnetlib-server-parsers.a */ = {isa = PBXFileReference; lastKnownFileType = archive.ar; name = "libcppnetlib-server-parsers.a"; path = "../../../../../../usr/local/cpp-netlib_gcc/lib/a/libcppnetlib-server-parsers.a"; sourceTree = "<group>"; };
		C325855817569174000EDE42 /* libcppnetlib-uri.a */ = {isa = PBXFileReference; lastKnownFileType = archive.ar; name = "libcppnetlib-uri.a"; path = "../../../../../../usr/local/cpp-netlib_gcc/lib/a/libcppnetlib-uri.a"; sourceTree = "<group>"; };
		C35DC89A18D8B07A003370D0 /* IRXDaemon.cpp */ = {isa = PBXFileReference; fileEncoding = 4; lastKnownFileType = sourcecode.cpp.cpp; path = IRXDaemon.cpp; sourceTree = "<group>"; };
		C35DC89B18D8B07A003370D0 /* IRXDaemon.h */ = {isa = PBXFileReference; fileEncoding = 4; lastKnownFileType = sourcecode.c.h; path = IRXDaemon.h; sourceTree = "<group>"; };
		C35DC89D18D8B07A003370D0 /* ExtentManager.cpp */ = {isa = PBXFileReference; fileEncoding = 4; lastKnownFileType = sourcecode.cpp.cpp; path = ExtentManager.cpp; sourceTree = "<group>"; };
		C35DC89E18D8B07A003370D0 /* ExtentManager.h */ = {isa = PBXFileReference; fileEncoding = 4; lastKnownFileType = sourcecode.c.h; path = ExtentManager.h; sourceTree = "<group>"; };
		C35DC8A018D8B07A003370D0 /* getmntopts.c */ = {isa = PBXFileReference; fileEncoding = 4; lastKnownFileType = sourcecode.c.c; path = getmntopts.c; sourceTree = "<group>"; };
		C35DC8A218D8B07A003370D0 /* humanize_number.c */ = {isa = PBXFileReference; fileEncoding = 4; lastKnownFileType = sourcecode.c.c; path = humanize_number.c; sourceTree = "<group>"; };
		C35DC8A418D8B07A003370D0 /* libutil.h */ = {isa = PBXFileReference; fileEncoding = 4; lastKnownFileType = sourcecode.c.h; path = libutil.h; sourceTree = "<group>"; };
		C35DC8AA18D8B07A003370D0 /* mntopts.h */ = {isa = PBXFileReference; fileEncoding = 4; lastKnownFileType = sourcecode.c.h; path = mntopts.h; sourceTree = "<group>"; };
		C35DC8AC18D8B07A003370D0 /* pidfile.c */ = {isa = PBXFileReference; fileEncoding = 4; lastKnownFileType = sourcecode.c.c; path = pidfile.c; sourceTree = "<group>"; };
		C35DC8AE18D8B07A003370D0 /* realhostname.c */ = {isa = PBXFileReference; fileEncoding = 4; lastKnownFileType = sourcecode.c.c; path = realhostname.c; sourceTree = "<group>"; };
		C35DC8B118D8B07A003370D0 /* reexec_to_match_kernel.c */ = {isa = PBXFileReference; fileEncoding = 4; lastKnownFileType = sourcecode.c.c; path = reexec_to_match_kernel.c; sourceTree = "<group>"; };
		C35DC8B318D8B07A003370D0 /* trimdomain.c */ = {isa = PBXFileReference; fileEncoding = 4; lastKnownFileType = sourcecode.c.c; path = trimdomain.c; sourceTree = "<group>"; };
		C35DC8B518D8B07A003370D0 /* wipefs.cpp */ = {isa = PBXFileReference; fileEncoding = 4; lastKnownFileType = sourcecode.cpp.cpp; path = wipefs.cpp; sourceTree = "<group>"; };
		C35DC8B618D8B07A003370D0 /* wipefs.h */ = {isa = PBXFileReference; fileEncoding = 4; lastKnownFileType = sourcecode.c.h; path = wipefs.h; sourceTree = "<group>"; };
		C35DC8B718D8B07A003370D0 /* main.cpp */ = {isa = PBXFileReference; fileEncoding = 4; lastKnownFileType = sourcecode.cpp.cpp; path = main.cpp; sourceTree = "<group>"; };
		C35DC8BC18D8B07A003370D0 /* IRXTime.cpp */ = {isa = PBXFileReference; fileEncoding = 4; lastKnownFileType = sourcecode.cpp.cpp; path = IRXTime.cpp; sourceTree = "<group>"; };
		C35DC8BD18D8B07A003370D0 /* IRXTime.h */ = {isa = PBXFileReference; fileEncoding = 4; lastKnownFileType = sourcecode.c.h; path = IRXTime.h; sourceTree = "<group>"; };
		C35DC8BE18D8B07A003370D0 /* IRXTimeDiff.cpp */ = {isa = PBXFileReference; fileEncoding = 4; lastKnownFileType = sourcecode.cpp.cpp; path = IRXTimeDiff.cpp; sourceTree = "<group>"; };
		C35DC8BF18D8B07A003370D0 /* IRXTimeDiff.h */ = {isa = PBXFileReference; fileEncoding = 4; lastKnownFileType = sourcecode.c.h; path = IRXTimeDiff.h; sourceTree = "<group>"; };
		C35DC8C018D8B07A003370D0 /* IRXTimeType.h */ = {isa = PBXFileReference; fileEncoding = 4; lastKnownFileType = sourcecode.c.h; path = IRXTimeType.h; sourceTree = "<group>"; };
		C35DC8D318D8B084003370D0 /* TGSDeviceInterface.cpp */ = {isa = PBXFileReference; fileEncoding = 4; lastKnownFileType = sourcecode.cpp.cpp; path = TGSDeviceInterface.cpp; sourceTree = "<group>"; };
		C35DC8D418D8B084003370D0 /* TGSDeviceInterface.h */ = {isa = PBXFileReference; fileEncoding = 4; lastKnownFileType = sourcecode.c.h; path = TGSDeviceInterface.h; sourceTree = "<group>"; };
		C35DC8D518D8B084003370D0 /* TGSDeviceLoader.cpp */ = {isa = PBXFileReference; fileEncoding = 4; lastKnownFileType = sourcecode.cpp.cpp; path = TGSDeviceLoader.cpp; sourceTree = "<group>"; };
		C35DC8D618D8B084003370D0 /* TGSDeviceLoader.h */ = {isa = PBXFileReference; fileEncoding = 4; lastKnownFileType = sourcecode.c.h; path = TGSDeviceLoader.h; sourceTree = "<group>"; };
		C35DC8D718D8B084003370D0 /* TGSDeviceManager.cpp */ = {isa = PBXFileReference; fileEncoding = 4; lastKnownFileType = sourcecode.cpp.cpp; path = TGSDeviceManager.cpp; sourceTree = "<group>"; };
		C35DC8D818D8B084003370D0 /* TGSDeviceManager.h */ = {isa = PBXFileReference; fileEncoding = 4; lastKnownFileType = sourcecode.c.h; path = TGSDeviceManager.h; sourceTree = "<group>"; };
		C35DC8D918D8B084003370D0 /* TGSRotatorGS232B.cpp */ = {isa = PBXFileReference; fileEncoding = 4; lastKnownFileType = sourcecode.cpp.cpp; path = TGSRotatorGS232B.cpp; sourceTree = "<group>"; };
		C35DC8DA18D8B084003370D0 /* TGSRotatorGS232B.h */ = {isa = PBXFileReference; fileEncoding = 4; lastKnownFileType = sourcecode.c.h; path = TGSRotatorGS232B.h; sourceTree = "<group>"; };
		C35DC8DB18D8B084003370D0 /* TGSRotatorInterface.cpp */ = {isa = PBXFileReference; fileEncoding = 4; lastKnownFileType = sourcecode.cpp.cpp; path = TGSRotatorInterface.cpp; sourceTree = "<group>"; };
		C35DC8DC18D8B084003370D0 /* TGSRotatorInterface.h */ = {isa = PBXFileReference; fileEncoding = 4; lastKnownFileType = sourcecode.c.h; path = TGSRotatorInterface.h; sourceTree = "<group>"; };
		C35DC8DD18D8B084003370D0 /* TGSSerial.cpp */ = {isa = PBXFileReference; fileEncoding = 4; lastKnownFileType = sourcecode.cpp.cpp; path = TGSSerial.cpp; sourceTree = "<group>"; };
		C35DC8DE18D8B084003370D0 /* TGSSerial.h */ = {isa = PBXFileReference; fileEncoding = 4; lastKnownFileType = sourcecode.c.h; path = TGSSerial.h; sourceTree = "<group>"; };
		C35DC8DF18D8B084003370D0 /* TGSTNCInterface.cpp */ = {isa = PBXFileReference; fileEncoding = 4; lastKnownFileType = sourcecode.cpp.cpp; path = TGSTNCInterface.cpp; sourceTree = "<group>"; };
		C35DC8E018D8B084003370D0 /* TGSTNCInterface.h */ = {isa = PBXFileReference; fileEncoding = 4; lastKnownFileType = sourcecode.c.h; path = TGSTNCInterface.h; sourceTree = "<group>"; };
		C35DC8E118D8B084003370D0 /* TGSTNCTNC555.cpp */ = {isa = PBXFileReference; fileEncoding = 4; lastKnownFileType = sourcecode.cpp.cpp; path = TGSTNCTNC555.cpp; sourceTree = "<group>"; };
		C35DC8E218D8B084003370D0 /* TGSTNCTNC555.h */ = {isa = PBXFileReference; fileEncoding = 4; lastKnownFileType = sourcecode.c.h; path = TGSTNCTNC555.h; sourceTree = "<group>"; };
		C35DC8E318D8B084003370D0 /* TGSTransceiverCIV.cpp */ = {isa = PBXFileReference; fileEncoding = 4; lastKnownFileType = sourcecode.cpp.cpp; path = TGSTransceiverCIV.cpp; sourceTree = "<group>"; };
		C35DC8E418D8B084003370D0 /* TGSTransceiverCIV.h */ = {isa = PBXFileReference; fileEncoding = 4; lastKnownFileType = sourcecode.c.h; path = TGSTransceiverCIV.h; sourceTree = "<group>"; };
		C35DC8E518D8B084003370D0 /* TGSTransceiverIC9100.cpp */ = {isa = PBXFileReference; fileEncoding = 4; lastKnownFileType = sourcecode.cpp.cpp; path = TGSTransceiverIC9100.cpp; sourceTree = "<group>"; };
		C35DC8E618D8B084003370D0 /* TGSTransceiverIC9100.h */ = {isa = PBXFileReference; fileEncoding = 4; lastKnownFileType = sourcecode.c.h; path = TGSTransceiverIC9100.h; sourceTree = "<group>"; };
		C35DC8E718D8B084003370D0 /* TGSTransceiverInterface.cpp */ = {isa = PBXFileReference; fileEncoding = 4; lastKnownFileType = sourcecode.cpp.cpp; path = TGSTransceiverInterface.cpp; sourceTree = "<group>"; };
		C35DC8E818D8B084003370D0 /* TGSTransceiverInterface.h */ = {isa = PBXFileReference; fileEncoding = 4; lastKnownFileType = sourcecode.c.h; path = TGSTransceiverInterface.h; sourceTree = "<group>"; };
		C35DC8FA18D8B085003370D0 /* tinyxml2.cpp */ = {isa = PBXFileReference; fileEncoding = 4; lastKnownFileType = sourcecode.cpp.cpp; path = tinyxml2.cpp; sourceTree = "<group>"; };
		C35DC8FB18D8B085003370D0 /* tinyxml2.h */ = {isa = PBXFileReference; fileEncoding = 4; lastKnownFileType = sourcecode.c.h; path = tinyxml2.h; sourceTree = "<group>"; };
		C35DC90218D8B085003370D0 /* cEci.cpp */ = {isa = PBXFileReference; fileEncoding = 4; lastKnownFileType = sourcecode.cpp.cpp; path = cEci.cpp; sourceTree = "<group>"; };
		C35DC90318D8B085003370D0 /* cEci.h */ = {isa = PBXFileReference; fileEncoding = 4; lastKnownFileType = sourcecode.c.h; path = cEci.h; sourceTree = "<group>"; };
		C35DC90418D8B085003370D0 /* cJulian.cpp */ = {isa = PBXFileReference; fileEncoding = 4; lastKnownFileType = sourcecode.cpp.cpp; path = cJulian.cpp; sourceTree = "<group>"; };
		C35DC90518D8B085003370D0 /* cJulian.h */ = {isa = PBXFileReference; fileEncoding = 4; lastKnownFileType = sourcecode.c.h; path = cJulian.h; sourceTree = "<group>"; };
		C35DC90618D8B085003370D0 /* coord.cpp */ = {isa = PBXFileReference; fileEncoding = 4; lastKnownFileType = sourcecode.cpp.cpp; path = coord.cpp; sourceTree = "<group>"; };
		C35DC90718D8B085003370D0 /* coord.h */ = {isa = PBXFileReference; fileEncoding = 4; lastKnownFileType = sourcecode.c.h; path = coord.h; sourceTree = "<group>"; };
		C35DC90A18D8B085003370D0 /* coreLib.h */ = {isa = PBXFileReference; fileEncoding = 4; lastKnownFileType = sourcecode.c.h; path = coreLib.h; sourceTree = "<group>"; };
		C35DC90B18D8B085003370D0 /* cSite.cpp */ = {isa = PBXFileReference; fileEncoding = 4; lastKnownFileType = sourcecode.cpp.cpp; path = cSite.cpp; sourceTree = "<group>"; };
		C35DC90C18D8B085003370D0 /* cSite.h */ = {isa = PBXFileReference; fileEncoding = 4; lastKnownFileType = sourcecode.c.h; path = cSite.h; sourceTree = "<group>"; };
		C35DC90D18D8B085003370D0 /* cTLE.cpp */ = {isa = PBXFileReference; fileEncoding = 4; lastKnownFileType = sourcecode.cpp.cpp; path = cTLE.cpp; sourceTree = "<group>"; };
		C35DC90E18D8B085003370D0 /* cTLE.h */ = {isa = PBXFileReference; fileEncoding = 4; lastKnownFileType = sourcecode.c.h; path = cTLE.h; sourceTree = "<group>"; };
		C35DC90F18D8B085003370D0 /* cVector.cpp */ = {isa = PBXFileReference; fileEncoding = 4; lastKnownFileType = sourcecode.cpp.cpp; path = cVector.cpp; sourceTree = "<group>"; };
		C35DC91018D8B085003370D0 /* cVector.h */ = {isa = PBXFileReference; fileEncoding = 4; lastKnownFileType = sourcecode.c.h; path = cVector.h; sourceTree = "<group>"; };
		C35DC91118D8B085003370D0 /* exceptions.h */ = {isa = PBXFileReference; fileEncoding = 4; lastKnownFileType = sourcecode.c.h; path = exceptions.h; sourceTree = "<group>"; };
		C35DC91218D8B085003370D0 /* globals.cpp */ = {isa = PBXFileReference; fileEncoding = 4; lastKnownFileType = sourcecode.cpp.cpp; path = globals.cpp; sourceTree = "<group>"; };
		C35DC91318D8B085003370D0 /* globals.h */ = {isa = PBXFileReference; fileEncoding = 4; lastKnownFileType = sourcecode.c.h; path = globals.h; sourceTree = "<group>"; };
		C35DC91518D8B085003370D0 /* stdafx.cpp */ = {isa = PBXFileReference; fileEncoding = 4; lastKnownFileType = sourcecode.cpp.cpp; path = stdafx.cpp; sourceTree = "<group>"; };
		C35DC91618D8B085003370D0 /* stdafx.h */ = {isa = PBXFileReference; fileEncoding = 4; lastKnownFileType = sourcecode.c.h; path = stdafx.h; sourceTree = "<group>"; };
		C35DC91818D8B085003370D0 /* cNoradBase.cpp */ = {isa = PBXFileReference; fileEncoding = 4; lastKnownFileType = sourcecode.cpp.cpp; path = cNoradBase.cpp; sourceTree = "<group>"; };
		C35DC91918D8B085003370D0 /* cNoradBase.h */ = {isa = PBXFileReference; fileEncoding = 4; lastKnownFileType = sourcecode.c.h; path = cNoradBase.h; sourceTree = "<group>"; };
		C35DC91A18D8B085003370D0 /* cNoradSDP4.cpp */ = {isa = PBXFileReference; fileEncoding = 4; lastKnownFileType = sourcecode.cpp.cpp; path = cNoradSDP4.cpp; sourceTree = "<group>"; };
		C35DC91B18D8B085003370D0 /* cNoradSDP4.h */ = {isa = PBXFileReference; fileEncoding = 4; lastKnownFileType = sourcecode.c.h; path = cNoradSDP4.h; sourceTree = "<group>"; };
		C35DC91C18D8B085003370D0 /* cNoradSGP4.cpp */ = {isa = PBXFileReference; fileEncoding = 4; lastKnownFileType = sourcecode.cpp.cpp; path = cNoradSGP4.cpp; sourceTree = "<group>"; };
		C35DC91D18D8B085003370D0 /* cNoradSGP4.h */ = {isa = PBXFileReference; fileEncoding = 4; lastKnownFileType = sourcecode.c.h; path = cNoradSGP4.h; sourceTree = "<group>"; };
		C35DC91E18D8B085003370D0 /* cOrbit.cpp */ = {isa = PBXFileReference; fileEncoding = 4; lastKnownFileType = sourcecode.cpp.cpp; path = cOrbit.cpp; sourceTree = "<group>"; };
		C35DC91F18D8B085003370D0 /* cOrbit.h */ = {isa = PBXFileReference; fileEncoding = 4; lastKnownFileType = sourcecode.c.h; path = cOrbit.h; sourceTree = "<group>"; };
		C35DC92318D8B085003370D0 /* stdafx.cpp */ = {isa = PBXFileReference; fileEncoding = 4; lastKnownFileType = sourcecode.cpp.cpp; path = stdafx.cpp; sourceTree = "<group>"; };
		C35DC92418D8B085003370D0 /* stdafx.h */ = {isa = PBXFileReference; fileEncoding = 4; lastKnownFileType = sourcecode.c.h; path = stdafx.h; sourceTree = "<group>"; };
		C35DC93018D8B085003370D0 /* TGSOrbitInterface.cpp */ = {isa = PBXFileReference; fileEncoding = 4; lastKnownFileType = sourcecode.cpp.cpp; path = TGSOrbitInterface.cpp; sourceTree = "<group>"; };
		C35DC93118D8B085003370D0 /* TGSOrbitInterface.h */ = {isa = PBXFileReference; fileEncoding = 4; lastKnownFileType = sourcecode.c.h; path = TGSOrbitInterface.h; sourceTree = "<group>"; };
		C35DC93218D8B085003370D0 /* TGSOrbitTLE.cpp */ = {isa = PBXFileReference; fileEncoding = 4; lastKnownFileType = sourcecode.cpp.cpp; path = TGSOrbitTLE.cpp; sourceTree = "<group>"; };
		C35DC93318D8B085003370D0 /* TGSOrbitTLE.h */ = {isa = PBXFileReference; fileEncoding = 4; lastKnownFileType = sourcecode.c.h; path = TGSOrbitTLE.h; sourceTree = "<group>"; };
		C35DC93418D8B085003370D0 /* TGSPhysicsDatabase.cpp */ = {isa = PBXFileReference; fileEncoding = 4; lastKnownFileType = sourcecode.cpp.cpp; path = TGSPhysicsDatabase.cpp; sourceTree = "<group>"; };
		C35DC93518D8B085003370D0 /* TGSPhysicsDatabase.h */ = {isa = PBXFileReference; fileEncoding = 4; lastKnownFileType = sourcecode.c.h; path = TGSPhysicsDatabase.h; sourceTree = "<group>"; };
		C35DC93618D8B085003370D0 /* TGSPhysicsProcessor.cpp */ = {isa = PBXFileReference; fileEncoding = 4; lastKnownFileType = sourcecode.cpp.cpp; path = TGSPhysicsProcessor.cpp; sourceTree = "<group>"; };
		C35DC93718D8B085003370D0 /* TGSPhysicsProcessor.h */ = {isa = PBXFileReference; fileEncoding = 4; lastKnownFileType = sourcecode.c.h; path = TGSPhysicsProcessor.h; sourceTree = "<group>"; };
		C35DC93A18D8B085003370D0 /* sqlite3.c */ = {isa = PBXFileReference; fileEncoding = 4; lastKnownFileType = sourcecode.c.c; path = sqlite3.c; sourceTree = "<group>"; };
		C35DC93B18D8B085003370D0 /* sqlite3.h */ = {isa = PBXFileReference; fileEncoding = 4; lastKnownFileType = sourcecode.c.h; path = sqlite3.h; sourceTree = "<group>"; };
		C35DC93C18D8B085003370D0 /* sqlite3ext.h */ = {isa = PBXFileReference; fileEncoding = 4; lastKnownFileType = sourcecode.c.h; path = sqlite3ext.h; sourceTree = "<group>"; };
		C35DC93D18D8B085003370D0 /* TGSDatabaseInterface.cpp */ = {isa = PBXFileReference; fileEncoding = 4; lastKnownFileType = sourcecode.cpp.cpp; path = TGSDatabaseInterface.cpp; sourceTree = "<group>"; };
		C35DC93E18D8B085003370D0 /* TGSDatabaseInterface.h */ = {isa = PBXFileReference; fileEncoding = 4; lastKnownFileType = sourcecode.c.h; path = TGSDatabaseInterface.h; sourceTree = "<group>"; };
		C35DC93F18D8B085003370D0 /* TGSError.cpp */ = {isa = PBXFileReference; fileEncoding = 4; lastKnownFileType = sourcecode.cpp.cpp; path = TGSError.cpp; sourceTree = "<group>"; };
		C35DC94018D8B085003370D0 /* TGSError.h */ = {isa = PBXFileReference; fileEncoding = 4; lastKnownFileType = sourcecode.c.h; path = TGSError.h; sourceTree = "<group>"; };
		C35DC94118D8B085003370D0 /* TGSTelemetryINVADER.cpp */ = {isa = PBXFileReference; fileEncoding = 4; lastKnownFileType = sourcecode.cpp.cpp; path = TGSTelemetryINVADER.cpp; sourceTree = "<group>"; };
		C35DC94218D8B085003370D0 /* TGSTelemetryINVADER.h */ = {isa = PBXFileReference; fileEncoding = 4; lastKnownFileType = sourcecode.c.h; path = TGSTelemetryINVADER.h; sourceTree = "<group>"; };
		C35DC94318D8B085003370D0 /* TGSType.cpp */ = {isa = PBXFileReference; fileEncoding = 4; lastKnownFileType = sourcecode.cpp.cpp; path = TGSType.cpp; sourceTree = "<group>"; };
		C35DC94418D8B085003370D0 /* TGSType.h */ = {isa = PBXFileReference; fileEncoding = 4; lastKnownFileType = sourcecode.c.h; path = TGSType.h; sourceTree = "<group>"; };
		C35E40E0175BC55A00B8B819 /* ASDDeviceRotator.cpp */ = {isa = PBXFileReference; fileEncoding = 4; lastKnownFileType = sourcecode.cpp.cpp; path = ASDDeviceRotator.cpp; sourceTree = "<group>"; };
		C35E40E1175BC55A00B8B819 /* ASDDeviceRotator.h */ = {isa = PBXFileReference; fileEncoding = 4; lastKnownFileType = sourcecode.c.h; path = ASDDeviceRotator.h; sourceTree = "<group>"; };
		C35E40E2175BC55A00B8B819 /* ASDDeviceTNC.cpp */ = {isa = PBXFileReference; fileEncoding = 4; lastKnownFileType = sourcecode.cpp.cpp; path = ASDDeviceTNC.cpp; sourceTree = "<group>"; };
		C35E40E3175BC55A00B8B819 /* ASDDeviceTNC.h */ = {isa = PBXFileReference; fileEncoding = 4; lastKnownFileType = sourcecode.c.h; path = ASDDeviceTNC.h; sourceTree = "<group>"; };
		C35E40E4175BC55B00B8B819 /* ASDDeviceTransceiver.cpp */ = {isa = PBXFileReference; fileEncoding = 4; lastKnownFileType = sourcecode.cpp.cpp; path = ASDDeviceTransceiver.cpp; sourceTree = "<group>"; };
		C35E40E5175BC55B00B8B819 /* ASDDeviceTransceiver.h */ = {isa = PBXFileReference; fileEncoding = 4; lastKnownFileType = sourcecode.c.h; path = ASDDeviceTransceiver.h; sourceTree = "<group>"; };
		C380CAA017ABCEA0004AFB64 /* ASDTLEClientCelestrak.cpp */ = {isa = PBXFileReference; fileEncoding = 4; lastKnownFileType = sourcecode.cpp.cpp; path = ASDTLEClientCelestrak.cpp; sourceTree = "<group>"; };
		C380CAA117ABCEA0004AFB64 /* ASDTLEClientCelestrak.h */ = {isa = PBXFileReference; fileEncoding = 4; lastKnownFileType = sourcecode.c.h; path = ASDTLEClientCelestrak.h; sourceTree = "<group>"; };
		C3892EBF191A8B4D00BC79C7 /* ASDPluginInterface.cpp */ = {isa = PBXFileReference; fileEncoding = 4; lastKnownFileType = sourcecode.cpp.cpp; path = ASDPluginInterface.cpp; sourceTree = "<group>"; };
		C3892EC0191A8B4D00BC79C7 /* ASDPluginInterface.h */ = {isa = PBXFileReference; fileEncoding = 4; lastKnownFileType = sourcecode.c.h; path = ASDPluginInterface.h; sourceTree = "<group>"; };
		C3892EC2191A8D2600BC79C7 /* ASDPluginINVADER.cpp */ = {isa = PBXFileReference; fileEncoding = 4; lastKnownFileType = sourcecode.cpp.cpp; path = ASDPluginINVADER.cpp; sourceTree = "<group>"; };
		C3892EC3191A8D2600BC79C7 /* ASDPluginINVADER.h */ = {isa = PBXFileReference; fileEncoding = 4; lastKnownFileType = sourcecode.c.h; path = ASDPluginINVADER.h; sourceTree = "<group>"; };
		C3999F731794838100955327 /* artsatd.cpp */ = {isa = PBXFileReference; fileEncoding = 4; lastKnownFileType = sourcecode.cpp.cpp; path = artsatd.cpp; sourceTree = "<group>"; };
		C3999F741794838100955327 /* artsatd.h */ = {isa = PBXFileReference; fileEncoding = 4; lastKnownFileType = sourcecode.c.h; path = artsatd.h; sourceTree = "<group>"; };
		C3B05C821923DCB400A110B6 /* ASDDeviceInterface.cpp */ = {isa = PBXFileReference; fileEncoding = 4; lastKnownFileType = sourcecode.cpp.cpp; path = ASDDeviceInterface.cpp; sourceTree = "<group>"; };
		C3B05C831923DCB400A110B6 /* ASDDeviceInterface.h */ = {isa = PBXFileReference; fileEncoding = 4; lastKnownFileType = sourcecode.c.h; path = ASDDeviceInterface.h; sourceTree = "<group>"; };
		C3D9ABC8177DF71600A8A6C4 /* ASDTLEClientInterface.cpp */ = {isa = PBXFileReference; fileEncoding = 4; lastKnownFileType = sourcecode.cpp.cpp; path = ASDTLEClientInterface.cpp; sourceTree = "<group>"; };
		C3D9ABC9177DF71700A8A6C4 /* ASDTLEClientInterface.h */ = {isa = PBXFileReference; fileEncoding = 4; lastKnownFileType = sourcecode.c.h; path = ASDTLEClientInterface.h; sourceTree = "<group>"; };
		C3E8B3C618C30BB10061702D /* ASDServerRPC.cpp */ = {isa = PBXFileReference; fileEncoding = 4; lastKnownFileType = sourcecode.cpp.cpp; path = ASDServerRPC.cpp; sourceTree = "<group>"; };
		C3E8B3C718C30BB10061702D /* ASDServerRPC.h */ = {isa = PBXFileReference; fileEncoding = 4; lastKnownFileType = sourcecode.c.h; path = ASDServerRPC.h; sourceTree = "<group>"; };
		C3E8B3C818C30BB10061702D /* ASDServerRPCMethod.cpp */ = {isa = PBXFileReference; fileEncoding = 4; lastKnownFileType = sourcecode.cpp.cpp; path = ASDServerRPCMethod.cpp; sourceTree = "<group>"; };
		C3E8B3C918C30BB10061702D /* ASDServerRPCMethod.h */ = {isa = PBXFileReference; fileEncoding = 4; lastKnownFileType = sourcecode.c.h; path = ASDServerRPCMethod.h; sourceTree = "<group>"; };
		C3E8B3CE18C30D2B0061702D /* prefix.pch */ = {isa = PBXFileReference; fileEncoding = 4; lastKnownFileType = sourcecode.c.h; path = prefix.pch; sourceTree = "<group>"; };
/* End PBXFileReference section */

/* Begin PBXFrameworksBuildPhase section */
		C3258479175645E3000EDE42 /* Frameworks */ = {
			isa = PBXFrameworksBuildPhase;
			buildActionMask = 2147483647;
			files = (
				C325850717568F54000EDE42 /* libcrypto.dylib in Frameworks */,
				C325855117569147000EDE42 /* libssl.dylib in Frameworks */,
				C325855417569168000EDE42 /* libboost_system.a in Frameworks */,
				C325855517569168000EDE42 /* libboost_thread.a in Frameworks */,
				C325855917569174000EDE42 /* libcppnetlib-client-connections.a in Frameworks */,
				C325855A17569174000EDE42 /* libcppnetlib-server-parsers.a in Frameworks */,
				C325855B17569174000EDE42 /* libcppnetlib-uri.a in Frameworks */,
			);
			runOnlyForDeploymentPostprocessing = 0;
		};
/* End PBXFrameworksBuildPhase section */

/* Begin PBXGroup section */
		C314075A1780A21E00F320FE /* rapidjson */ = {
			isa = PBXGroup;
			children = (
				C31408CA1780A22100F320FE /* include */,
			);
			path = rapidjson;
			sourceTree = "<group>";
		};
		C31408CA1780A22100F320FE /* include */ = {
			isa = PBXGroup;
			children = (
				C31408CB1780A22100F320FE /* rapidjson */,
			);
			path = include;
			sourceTree = "<group>";
		};
		C31408CB1780A22100F320FE /* rapidjson */ = {
			isa = PBXGroup;
			children = (
				C31408CC1780A22100F320FE /* document.h */,
				C31408CD1780A22100F320FE /* filestream.h */,
				C31408CE1780A22100F320FE /* internal */,
				C31408D21780A22100F320FE /* prettywriter.h */,
				C31408D31780A22100F320FE /* rapidjson.h */,
				C31408D41780A22100F320FE /* reader.h */,
				C31408D51780A22100F320FE /* stringbuffer.h */,
				C31408D61780A22100F320FE /* writer.h */,
			);
			path = rapidjson;
			sourceTree = "<group>";
		};
		C31408CE1780A22100F320FE /* internal */ = {
			isa = PBXGroup;
			children = (
				C31408CF1780A22100F320FE /* pow10.h */,
				C31408D01780A22100F320FE /* stack.h */,
				C31408D11780A22100F320FE /* strfunc.h */,
			);
			path = internal;
			sourceTree = "<group>";
		};
		C31DC1BD192BC2F900AE6A3A /* install */ = {
			isa = PBXGroup;
			children = (
				C31DC1BE192BC2F900AE6A3A /* etc */,
				C31DC1D0192BC2F900AE6A3A /* System */,
			);
			path = install;
			sourceTree = "<group>";
		};
		C31DC1BE192BC2F900AE6A3A /* etc */ = {
			isa = PBXGroup;
			children = (
				C31DC1BF192BC2F900AE6A3A /* artsatd */,
			);
			path = etc;
			sourceTree = "<group>";
		};
		C31DC1BF192BC2F900AE6A3A /* artsatd */ = {
			isa = PBXGroup;
			children = (
				C31DC1C0192BC2F900AE6A3A /* config.xml */,
				C31DC1C1192BC2F900AE6A3A /* device.xml */,
				C31DC1C2192BC2F900AE6A3A /* network.xml */,
				C31DC1C3192BC2F900AE6A3A /* plugin.xml */,
				C31DC1C4192BC2F900AE6A3A /* server */,
			);
			path = artsatd;
			sourceTree = "<group>";
		};
		C31DC1C4192BC2F900AE6A3A /* server */ = {
			isa = PBXGroup;
			children = (
				C31DC1C5192BC2F900AE6A3A /* css */,
				C31DC1C7192BC2F900AE6A3A /* download */,
				C31DC1C9192BC2F900AE6A3A /* hardware.html */,
				C31DC1CA192BC2F900AE6A3A /* orbital.html */,
				C31DC1CB192BC2F900AE6A3A /* plugin */,
				C31DC1CD192BC2F900AE6A3A /* root.html */,
				C31DC1CE192BC2F900AE6A3A /* streaming.html */,
				C31DC1CF192BC2F900AE6A3A /* webcam.html */,
			);
			path = server;
			sourceTree = "<group>";
		};
		C31DC1C5192BC2F900AE6A3A /* css */ = {
			isa = PBXGroup;
			children = (
				C31DC1C6192BC2F900AE6A3A /* default.css */,
			);
			path = css;
			sourceTree = "<group>";
		};
		C31DC1C7192BC2F900AE6A3A /* download */ = {
			isa = PBXGroup;
			children = (
				C31DC1C8192BC2F900AE6A3A /* TamabiGS.app.zip */,
			);
			path = download;
			sourceTree = "<group>";
		};
		C31DC1CB192BC2F900AE6A3A /* plugin */ = {
			isa = PBXGroup;
			children = (
				C31DC1CC192BC2F900AE6A3A /* invader.html */,
			);
			path = plugin;
			sourceTree = "<group>";
		};
		C31DC1D0192BC2F900AE6A3A /* System */ = {
			isa = PBXGroup;
			children = (
				C31DC1D1192BC2F900AE6A3A /* Library */,
			);
			path = System;
			sourceTree = "<group>";
		};
		C31DC1D1192BC2F900AE6A3A /* Library */ = {
			isa = PBXGroup;
			children = (
				C31DC1D2192BC2F900AE6A3A /* LaunchDaemons */,
			);
			path = Library;
			sourceTree = "<group>";
		};
		C31DC1D2192BC2F900AE6A3A /* LaunchDaemons */ = {
			isa = PBXGroup;
			children = (
				C31DC1D3192BC2F900AE6A3A /* jp.artsat.artsatd.plist */,
			);
			path = LaunchDaemons;
			sourceTree = "<group>";
		};
		C3258473175645E3000EDE42 = {
			isa = PBXGroup;
			children = (
				C325847E175645E3000EDE42 /* artsatd */,
				C32584FA17568CB2000EDE42 /* libs */,
				C31DC1BD192BC2F900AE6A3A /* install */,
				C325847D175645E3000EDE42 /* Products */,
			);
			sourceTree = "<group>";
		};
		C325847D175645E3000EDE42 /* Products */ = {
			isa = PBXGroup;
			children = (
				C325847C175645E3000EDE42 /* artsatd */,
			);
			name = Products;
			sourceTree = "<group>";
		};
		C325847E175645E3000EDE42 /* artsatd */ = {
			isa = PBXGroup;
			children = (
				C3E8B3CE18C30D2B0061702D /* prefix.pch */,
				C3999F741794838100955327 /* artsatd.h */,
				C3999F731794838100955327 /* artsatd.cpp */,
				C3B05C831923DCB400A110B6 /* ASDDeviceInterface.h */,
				C3B05C821923DCB400A110B6 /* ASDDeviceInterface.cpp */,
				C35E40E1175BC55A00B8B819 /* ASDDeviceRotator.h */,
				C35E40E0175BC55A00B8B819 /* ASDDeviceRotator.cpp */,
				C35E40E5175BC55B00B8B819 /* ASDDeviceTransceiver.h */,
				C35E40E4175BC55B00B8B819 /* ASDDeviceTransceiver.cpp */,
				C35E40E3175BC55A00B8B819 /* ASDDeviceTNC.h */,
				C35E40E2175BC55A00B8B819 /* ASDDeviceTNC.cpp */,
				C3D9ABC9177DF71700A8A6C4 /* ASDTLEClientInterface.h */,
				C3D9ABC8177DF71600A8A6C4 /* ASDTLEClientInterface.cpp */,
				C380CAA117ABCEA0004AFB64 /* ASDTLEClientCelestrak.h */,
				C380CAA017ABCEA0004AFB64 /* ASDTLEClientCelestrak.cpp */,
				C3104D3117591353009EB691 /* ASDNetworkServer.h */,
				C3104D3017591353009EB691 /* ASDNetworkServer.cpp */,
				C31409C417812D8D00F320FE /* ASDServerDatabase.h */,
				C31409C317812D8D00F320FE /* ASDServerDatabase.cpp */,
				C31409C71781303900F320FE /* ASDServerOperation.h */,
				C31409C61781303900F320FE /* ASDServerOperation.cpp */,
				C3892EC0191A8B4D00BC79C7 /* ASDPluginInterface.h */,
				C3892EBF191A8B4D00BC79C7 /* ASDPluginInterface.cpp */,
				C3892EC3191A8D2600BC79C7 /* ASDPluginINVADER.h */,
				C3892EC2191A8D2600BC79C7 /* ASDPluginINVADER.cpp */,
				C3E8B3C718C30BB10061702D /* ASDServerRPC.h */,
				C3E8B3C618C30BB10061702D /* ASDServerRPC.cpp */,
				C3E8B3C918C30BB10061702D /* ASDServerRPCMethod.h */,
				C3E8B3C818C30BB10061702D /* ASDServerRPCMethod.cpp */,
				4110EB5318F25C3700756032 /* ASDTLEPass.h */,
				4110EB5218F25C3700756032 /* ASDTLEPass.cpp */,
				4110EB5618F26CA000756032 /* ASDTLEPassFactory.h */,
				4110EB5518F26CA000756032 /* ASDTLEPassFactory.cpp */,
				416D3A3C18F2A3E4005BCA51 /* ASDRotationSolver.h */,
				416D3A3B18F2A3E4005BCA51 /* ASDRotationSolver.cpp */,
			);
			path = artsatd;
			sourceTree = "<group>";
		};
		C32584FA17568CB2000EDE42 /* libs */ = {
			isa = PBXGroup;
			children = (
				C325850617568F54000EDE42 /* libcrypto.dylib */,
				C325855017569147000EDE42 /* libssl.dylib */,
				C325855217569168000EDE42 /* libboost_system.a */,
				C325855317569168000EDE42 /* libboost_thread.a */,
				C325855617569174000EDE42 /* libcppnetlib-client-connections.a */,
				C325855717569174000EDE42 /* libcppnetlib-server-parsers.a */,
				C325855817569174000EDE42 /* libcppnetlib-uri.a */,
				C314075A1780A21E00F320FE /* rapidjson */,
				C35DC89718D8B07A003370D0 /* IRX */,
				C35DC8D018D8B084003370D0 /* TGS */,
			);
			name = libs;
			sourceTree = "<group>";
		};
		C35DC89718D8B07A003370D0 /* IRX */ = {
			isa = PBXGroup;
			children = (
				C35DC89818D8B07A003370D0 /* IRXDaemon */,
				C35DC8BA18D8B07A003370D0 /* IRXTime */,
			);
			name = IRX;
			path = ../common/libs/IRX;
			sourceTree = "<group>";
		};
		C35DC89818D8B07A003370D0 /* IRXDaemon */ = {
			isa = PBXGroup;
			children = (
				C35DC89918D8B07A003370D0 /* src */,
			);
			path = IRXDaemon;
			sourceTree = "<group>";
		};
		C35DC89918D8B07A003370D0 /* src */ = {
			isa = PBXGroup;
			children = (
				C35DC89A18D8B07A003370D0 /* IRXDaemon.cpp */,
				C35DC89B18D8B07A003370D0 /* IRXDaemon.h */,
				C35DC89C18D8B07A003370D0 /* libutil-30 */,
				C35DC8B718D8B07A003370D0 /* main.cpp */,
			);
			path = src;
			sourceTree = "<group>";
		};
		C35DC89C18D8B07A003370D0 /* libutil-30 */ = {
			isa = PBXGroup;
			children = (
				C35DC89D18D8B07A003370D0 /* ExtentManager.cpp */,
				C35DC89E18D8B07A003370D0 /* ExtentManager.h */,
				C35DC8A018D8B07A003370D0 /* getmntopts.c */,
				C35DC8A218D8B07A003370D0 /* humanize_number.c */,
				C35DC8A418D8B07A003370D0 /* libutil.h */,
				C35DC8AA18D8B07A003370D0 /* mntopts.h */,
				C35DC8AC18D8B07A003370D0 /* pidfile.c */,
				C35DC8AE18D8B07A003370D0 /* realhostname.c */,
				C35DC8B118D8B07A003370D0 /* reexec_to_match_kernel.c */,
				C35DC8B318D8B07A003370D0 /* trimdomain.c */,
				C35DC8B518D8B07A003370D0 /* wipefs.cpp */,
				C35DC8B618D8B07A003370D0 /* wipefs.h */,
			);
			path = "libutil-30";
			sourceTree = "<group>";
		};
		C35DC8BA18D8B07A003370D0 /* IRXTime */ = {
			isa = PBXGroup;
			children = (
				C35DC8BB18D8B07A003370D0 /* src */,
			);
			path = IRXTime;
			sourceTree = "<group>";
		};
		C35DC8BB18D8B07A003370D0 /* src */ = {
			isa = PBXGroup;
			children = (
				C35DC8BC18D8B07A003370D0 /* IRXTime.cpp */,
				C35DC8BD18D8B07A003370D0 /* IRXTime.h */,
				C35DC8BE18D8B07A003370D0 /* IRXTimeDiff.cpp */,
				C35DC8BF18D8B07A003370D0 /* IRXTimeDiff.h */,
				C35DC8C018D8B07A003370D0 /* IRXTimeType.h */,
			);
			path = src;
			sourceTree = "<group>";
		};
		C35DC8D018D8B084003370D0 /* TGS */ = {
			isa = PBXGroup;
			children = (
				C35DC8D118D8B084003370D0 /* src */,
			);
			name = TGS;
			path = ../common/libs/TGS;
			sourceTree = "<group>";
		};
		C35DC8D118D8B084003370D0 /* src */ = {
			isa = PBXGroup;
			children = (
				C35DC8D218D8B084003370D0 /* device */,
				C35DC8FE18D8B085003370D0 /* physics */,
				C35DC93818D8B085003370D0 /* sqlite */,
				C35DC93D18D8B085003370D0 /* TGSDatabaseInterface.cpp */,
				C35DC93E18D8B085003370D0 /* TGSDatabaseInterface.h */,
				C35DC93F18D8B085003370D0 /* TGSError.cpp */,
				C35DC94018D8B085003370D0 /* TGSError.h */,
				C35DC94118D8B085003370D0 /* TGSTelemetryINVADER.cpp */,
				C35DC94218D8B085003370D0 /* TGSTelemetryINVADER.h */,
				C35DC94318D8B085003370D0 /* TGSType.cpp */,
				C35DC94418D8B085003370D0 /* TGSType.h */,
			);
			path = src;
			sourceTree = "<group>";
		};
		C35DC8D218D8B084003370D0 /* device */ = {
			isa = PBXGroup;
			children = (
				C35DC8D318D8B084003370D0 /* TGSDeviceInterface.cpp */,
				C35DC8D418D8B084003370D0 /* TGSDeviceInterface.h */,
				C35DC8D518D8B084003370D0 /* TGSDeviceLoader.cpp */,
				C35DC8D618D8B084003370D0 /* TGSDeviceLoader.h */,
				C35DC8D718D8B084003370D0 /* TGSDeviceManager.cpp */,
				C35DC8D818D8B084003370D0 /* TGSDeviceManager.h */,
				C35DC8D918D8B084003370D0 /* TGSRotatorGS232B.cpp */,
				C35DC8DA18D8B084003370D0 /* TGSRotatorGS232B.h */,
				C35DC8DB18D8B084003370D0 /* TGSRotatorInterface.cpp */,
				C35DC8DC18D8B084003370D0 /* TGSRotatorInterface.h */,
				C35DC8DD18D8B084003370D0 /* TGSSerial.cpp */,
				C35DC8DE18D8B084003370D0 /* TGSSerial.h */,
				C35DC8DF18D8B084003370D0 /* TGSTNCInterface.cpp */,
				C35DC8E018D8B084003370D0 /* TGSTNCInterface.h */,
				C35DC8E118D8B084003370D0 /* TGSTNCTNC555.cpp */,
				C35DC8E218D8B084003370D0 /* TGSTNCTNC555.h */,
				C35DC8E318D8B084003370D0 /* TGSTransceiverCIV.cpp */,
				C35DC8E418D8B084003370D0 /* TGSTransceiverCIV.h */,
				C35DC8E518D8B084003370D0 /* TGSTransceiverIC9100.cpp */,
				C35DC8E618D8B084003370D0 /* TGSTransceiverIC9100.h */,
				C35DC8E718D8B084003370D0 /* TGSTransceiverInterface.cpp */,
				C35DC8E818D8B084003370D0 /* TGSTransceiverInterface.h */,
				C35DC8E918D8B084003370D0 /* tinyxml2 */,
			);
			path = device;
			sourceTree = "<group>";
		};
		C35DC8E918D8B084003370D0 /* tinyxml2 */ = {
			isa = PBXGroup;
			children = (
				C35DC8FA18D8B085003370D0 /* tinyxml2.cpp */,
				C35DC8FB18D8B085003370D0 /* tinyxml2.h */,
			);
			path = tinyxml2;
			sourceTree = "<group>";
		};
		C35DC8FE18D8B085003370D0 /* physics */ = {
			isa = PBXGroup;
			children = (
				C35DC8FF18D8B085003370D0 /* cppOrbitTools */,
				C35DC93018D8B085003370D0 /* TGSOrbitInterface.cpp */,
				C35DC93118D8B085003370D0 /* TGSOrbitInterface.h */,
				C35DC93218D8B085003370D0 /* TGSOrbitTLE.cpp */,
				C35DC93318D8B085003370D0 /* TGSOrbitTLE.h */,
				C35DC93418D8B085003370D0 /* TGSPhysicsDatabase.cpp */,
				C35DC93518D8B085003370D0 /* TGSPhysicsDatabase.h */,
				C35DC93618D8B085003370D0 /* TGSPhysicsProcessor.cpp */,
				C35DC93718D8B085003370D0 /* TGSPhysicsProcessor.h */,
			);
			path = physics;
			sourceTree = "<group>";
		};
		C35DC8FF18D8B085003370D0 /* cppOrbitTools */ = {
			isa = PBXGroup;
			children = (
				C35DC90018D8B085003370D0 /* orbitTools */,
			);
			path = cppOrbitTools;
			sourceTree = "<group>";
		};
		C35DC90018D8B085003370D0 /* orbitTools */ = {
			isa = PBXGroup;
			children = (
				C35DC90118D8B085003370D0 /* core */,
				C35DC91718D8B085003370D0 /* orbit */,
			);
			path = orbitTools;
			sourceTree = "<group>";
		};
		C35DC90118D8B085003370D0 /* core */ = {
			isa = PBXGroup;
			children = (
				C35DC90218D8B085003370D0 /* cEci.cpp */,
				C35DC90318D8B085003370D0 /* cEci.h */,
				C35DC90418D8B085003370D0 /* cJulian.cpp */,
				C35DC90518D8B085003370D0 /* cJulian.h */,
				C35DC90618D8B085003370D0 /* coord.cpp */,
				C35DC90718D8B085003370D0 /* coord.h */,
				C35DC90A18D8B085003370D0 /* coreLib.h */,
				C35DC90B18D8B085003370D0 /* cSite.cpp */,
				C35DC90C18D8B085003370D0 /* cSite.h */,
				C35DC90D18D8B085003370D0 /* cTLE.cpp */,
				C35DC90E18D8B085003370D0 /* cTLE.h */,
				C35DC90F18D8B085003370D0 /* cVector.cpp */,
				C35DC91018D8B085003370D0 /* cVector.h */,
				C35DC91118D8B085003370D0 /* exceptions.h */,
				C35DC91218D8B085003370D0 /* globals.cpp */,
				C35DC91318D8B085003370D0 /* globals.h */,
				C35DC91518D8B085003370D0 /* stdafx.cpp */,
				C35DC91618D8B085003370D0 /* stdafx.h */,
			);
			path = core;
			sourceTree = "<group>";
		};
		C35DC91718D8B085003370D0 /* orbit */ = {
			isa = PBXGroup;
			children = (
				C35DC91818D8B085003370D0 /* cNoradBase.cpp */,
				C35DC91918D8B085003370D0 /* cNoradBase.h */,
				C35DC91A18D8B085003370D0 /* cNoradSDP4.cpp */,
				C35DC91B18D8B085003370D0 /* cNoradSDP4.h */,
				C35DC91C18D8B085003370D0 /* cNoradSGP4.cpp */,
				C35DC91D18D8B085003370D0 /* cNoradSGP4.h */,
				C35DC91E18D8B085003370D0 /* cOrbit.cpp */,
				C35DC91F18D8B085003370D0 /* cOrbit.h */,
				C35DC92318D8B085003370D0 /* stdafx.cpp */,
				C35DC92418D8B085003370D0 /* stdafx.h */,
			);
			path = orbit;
			sourceTree = "<group>";
		};
		C35DC93818D8B085003370D0 /* sqlite */ = {
			isa = PBXGroup;
			children = (
				C35DC93C18D8B085003370D0 /* sqlite3ext.h */,
				C35DC93A18D8B085003370D0 /* sqlite3.c */,
				C35DC93B18D8B085003370D0 /* sqlite3.h */,
			);
			path = sqlite;
			sourceTree = "<group>";
		};
/* End PBXGroup section */

/* Begin PBXNativeTarget section */
		C325847B175645E3000EDE42 /* artsatd */ = {
			isa = PBXNativeTarget;
			buildConfigurationList = C3258485175645E3000EDE42 /* Build configuration list for PBXNativeTarget "artsatd" */;
			buildPhases = (
				C3258478175645E3000EDE42 /* Sources */,
				C3258479175645E3000EDE42 /* Frameworks */,
			);
			buildRules = (
			);
			dependencies = (
			);
			name = artsatd;
			productName = artsatd;
			productReference = C325847C175645E3000EDE42 /* artsatd */;
			productType = "com.apple.product-type.tool";
		};
/* End PBXNativeTarget section */

/* Begin PBXProject section */
		C3258474175645E3000EDE42 /* Project object */ = {
			isa = PBXProject;
			attributes = {
				LastUpgradeCheck = 0510;
				ORGANIZATIONNAME = administrator;
			};
			buildConfigurationList = C3258477175645E3000EDE42 /* Build configuration list for PBXProject "artsatd" */;
			compatibilityVersion = "Xcode 3.2";
			developmentRegion = English;
			hasScannedForEncodings = 0;
			knownRegions = (
				en,
			);
			mainGroup = C3258473175645E3000EDE42;
			productRefGroup = C325847D175645E3000EDE42 /* Products */;
			projectDirPath = "";
			projectRoot = "";
			targets = (
				C325847B175645E3000EDE42 /* artsatd */,
			);
		};
/* End PBXProject section */

/* Begin PBXSourcesBuildPhase section */
		C3258478175645E3000EDE42 /* Sources */ = {
			isa = PBXSourcesBuildPhase;
			buildActionMask = 2147483647;
			files = (
				C3104D3217591353009EB691 /* ASDNetworkServer.cpp in Sources */,
				C35E40E6175BC55C00B8B819 /* ASDDeviceRotator.cpp in Sources */,
				C35E40E7175BC55C00B8B819 /* ASDDeviceTNC.cpp in Sources */,
				C35E40E8175BC55C00B8B819 /* ASDDeviceTransceiver.cpp in Sources */,
				C3D9ABCA177DF71800A8A6C4 /* ASDTLEClientInterface.cpp in Sources */,
				C31409C517812D8D00F320FE /* ASDServerDatabase.cpp in Sources */,
				C31409C81781303900F320FE /* ASDServerOperation.cpp in Sources */,
				C3999F751794838100955327 /* artsatd.cpp in Sources */,
				C380CAA217ABCEA0004AFB64 /* ASDTLEClientCelestrak.cpp in Sources */,
				C3E8B3CA18C30BB10061702D /* ASDServerRPC.cpp in Sources */,
				C3E8B3CB18C30BB10061702D /* ASDServerRPCMethod.cpp in Sources */,
				C35DC8C118D8B07A003370D0 /* IRXDaemon.cpp in Sources */,
				C35DC8C218D8B07A003370D0 /* ExtentManager.cpp in Sources */,
				C35DC8C318D8B07A003370D0 /* getmntopts.c in Sources */,
				C35DC8C418D8B07A003370D0 /* humanize_number.c in Sources */,
				C35DC8C518D8B07A003370D0 /* pidfile.c in Sources */,
				C3892EC1191A8B4D00BC79C7 /* ASDPluginInterface.cpp in Sources */,
				C35DC8C618D8B07A003370D0 /* realhostname.c in Sources */,
				C35DC8C718D8B07A003370D0 /* reexec_to_match_kernel.c in Sources */,
				C35DC8C818D8B07A003370D0 /* trimdomain.c in Sources */,
				C35DC8C918D8B07A003370D0 /* wipefs.cpp in Sources */,
				C35DC8CA18D8B07A003370D0 /* main.cpp in Sources */,
				C35DC8CB18D8B07A003370D0 /* IRXTime.cpp in Sources */,
				C3892EC4191A8D2600BC79C7 /* ASDPluginINVADER.cpp in Sources */,
				C35DC8CC18D8B07A003370D0 /* IRXTimeDiff.cpp in Sources */,
				C35DC94918D8B085003370D0 /* TGSDeviceInterface.cpp in Sources */,
				C35DC94A18D8B085003370D0 /* TGSDeviceLoader.cpp in Sources */,
				C35DC94B18D8B085003370D0 /* TGSDeviceManager.cpp in Sources */,
				C35DC94C18D8B085003370D0 /* TGSRotatorGS232B.cpp in Sources */,
				C35DC94D18D8B085003370D0 /* TGSRotatorInterface.cpp in Sources */,
				C35DC94E18D8B085003370D0 /* TGSSerial.cpp in Sources */,
				C35DC94F18D8B085003370D0 /* TGSTNCInterface.cpp in Sources */,
				C35DC95018D8B085003370D0 /* TGSTNCTNC555.cpp in Sources */,
				C35DC95118D8B085003370D0 /* TGSTransceiverCIV.cpp in Sources */,
				C35DC95218D8B085003370D0 /* TGSTransceiverIC9100.cpp in Sources */,
				C35DC95318D8B085003370D0 /* TGSTransceiverInterface.cpp in Sources */,
				C3B05C841923DCB400A110B6 /* ASDDeviceInterface.cpp in Sources */,
				C35DC95518D8B085003370D0 /* tinyxml2.cpp in Sources */,
				C35DC95718D8B085003370D0 /* cEci.cpp in Sources */,
				C35DC95818D8B085003370D0 /* cJulian.cpp in Sources */,
				C35DC95918D8B085003370D0 /* coord.cpp in Sources */,
				C35DC95A18D8B085003370D0 /* cSite.cpp in Sources */,
				C35DC95B18D8B085003370D0 /* cTLE.cpp in Sources */,
				C35DC95C18D8B085003370D0 /* cVector.cpp in Sources */,
				C35DC95D18D8B085003370D0 /* globals.cpp in Sources */,
				C35DC95E18D8B085003370D0 /* stdafx.cpp in Sources */,
				C35DC95F18D8B085003370D0 /* cNoradBase.cpp in Sources */,
				C35DC96018D8B085003370D0 /* cNoradSDP4.cpp in Sources */,
				C35DC96118D8B085003370D0 /* cNoradSGP4.cpp in Sources */,
				C35DC96218D8B085003370D0 /* cOrbit.cpp in Sources */,
				C35DC96318D8B085003370D0 /* stdafx.cpp in Sources */,
				C35DC96618D8B085003370D0 /* TGSOrbitInterface.cpp in Sources */,
				C35DC96718D8B085003370D0 /* TGSOrbitTLE.cpp in Sources */,
				C35DC96818D8B085003370D0 /* TGSPhysicsDatabase.cpp in Sources */,
				C35DC96918D8B085003370D0 /* TGSPhysicsProcessor.cpp in Sources */,
				C35DC96B18D8B085003370D0 /* sqlite3.c in Sources */,
				C35DC96C18D8B085003370D0 /* TGSDatabaseInterface.cpp in Sources */,
				C35DC96D18D8B085003370D0 /* TGSError.cpp in Sources */,
				C35DC96E18D8B085003370D0 /* TGSTelemetryINVADER.cpp in Sources */,
				C35DC96F18D8B085003370D0 /* TGSType.cpp in Sources */,
				4110EB5418F25C3800756032 /* ASDTLEPass.cpp in Sources */,
				4110EB5718F26CA000756032 /* ASDTLEPassFactory.cpp in Sources */,
				416D3A3D18F2A3E4005BCA51 /* ASDRotationSolver.cpp in Sources */,
			);
			runOnlyForDeploymentPostprocessing = 0;
		};
/* End PBXSourcesBuildPhase section */

/* Begin XCBuildConfiguration section */
		C3258483175645E3000EDE42 /* Debug */ = {
			isa = XCBuildConfiguration;
			buildSettings = {
				ALWAYS_SEARCH_USER_PATHS = NO;
				CLANG_CXX_LANGUAGE_STANDARD = "compiler-default";
				CLANG_CXX_LIBRARY = "compiler-default";
				CLANG_WARN_CONSTANT_CONVERSION = YES;
				CLANG_WARN_EMPTY_BODY = YES;
				CLANG_WARN_ENUM_CONVERSION = YES;
				CLANG_WARN_INT_CONVERSION = YES;
				CLANG_WARN__DUPLICATE_METHOD_MATCH = YES;
				COPY_PHASE_STRIP = NO;
				GCC_C_LANGUAGE_STANDARD = "compiler-default";
				GCC_DYNAMIC_NO_PIC = NO;
				GCC_ENABLE_OBJC_EXCEPTIONS = YES;
				GCC_INLINES_ARE_PRIVATE_EXTERN = NO;
				GCC_OPTIMIZATION_LEVEL = 0;
				GCC_PRECOMPILE_PREFIX_HEADER = YES;
				GCC_PREFIX_HEADER = ./artsatd/prefix.pch;
				GCC_PREPROCESSOR_DEFINITIONS = (
					"DEBUG=1",
					"$(inherited)",
				);
				GCC_SYMBOLS_PRIVATE_EXTERN = NO;
				GCC_VERSION = "";
				GCC_WARN_64_TO_32_BIT_CONVERSION = NO;
				GCC_WARN_ABOUT_RETURN_TYPE = YES;
				GCC_WARN_UNINITIALIZED_AUTOS = YES;
				GCC_WARN_UNUSED_VARIABLE = YES;
				HEADER_SEARCH_PATHS = (
					/usr/local/boost_clang/include,
					"/usr/local/cpp-netlib_clang/include",
					"\"$(SRCROOT)/../common/libs/IRX/IRXDaemon/src/libutil-30\"",
				);
				MACOSX_DEPLOYMENT_TARGET = "";
				ONLY_ACTIVE_ARCH = YES;
				SDKROOT = macosx;
			};
			name = Debug;
		};
		C3258484175645E3000EDE42 /* Release */ = {
			isa = XCBuildConfiguration;
			buildSettings = {
				ALWAYS_SEARCH_USER_PATHS = NO;
				CLANG_CXX_LANGUAGE_STANDARD = "compiler-default";
				CLANG_CXX_LIBRARY = "compiler-default";
				CLANG_WARN_CONSTANT_CONVERSION = YES;
				CLANG_WARN_EMPTY_BODY = YES;
				CLANG_WARN_ENUM_CONVERSION = YES;
				CLANG_WARN_INT_CONVERSION = YES;
				CLANG_WARN__DUPLICATE_METHOD_MATCH = YES;
				COPY_PHASE_STRIP = YES;
				DEBUG_INFORMATION_FORMAT = "dwarf-with-dsym";
				GCC_C_LANGUAGE_STANDARD = "compiler-default";
				GCC_ENABLE_OBJC_EXCEPTIONS = YES;
				GCC_INLINES_ARE_PRIVATE_EXTERN = NO;
				GCC_PRECOMPILE_PREFIX_HEADER = YES;
				GCC_PREFIX_HEADER = ./artsatd/prefix.pch;
				GCC_SYMBOLS_PRIVATE_EXTERN = NO;
				GCC_VERSION = "";
				GCC_WARN_64_TO_32_BIT_CONVERSION = NO;
				GCC_WARN_ABOUT_RETURN_TYPE = YES;
				GCC_WARN_UNINITIALIZED_AUTOS = YES;
				GCC_WARN_UNUSED_VARIABLE = YES;
				HEADER_SEARCH_PATHS = (
					/usr/local/boost_clang/include,
					"/usr/local/cpp-netlib_clang/include",
					"\"$(SRCROOT)/../common/libs/IRX/IRXDaemon/src/libutil-30\"",
				);
				MACOSX_DEPLOYMENT_TARGET = "";
				SDKROOT = macosx;
			};
			name = Release;
		};
		C3258486175645E3000EDE42 /* Debug */ = {
			isa = XCBuildConfiguration;
			buildSettings = {
				GCC_OPTIMIZATION_LEVEL = 0;
				GCC_VERSION = "";
				LIBRARY_SEARCH_PATHS = (
					"$(inherited)",
					/usr/local/boost_clang/lib/a,
					"/usr/local/cpp-netlib_clang/lib/a",
				);
				PRODUCT_NAME = "$(TARGET_NAME)";
			};
			name = Debug;
		};
		C3258487175645E3000EDE42 /* Release */ = {
			isa = XCBuildConfiguration;
			buildSettings = {
				GCC_VERSION = "";
				LIBRARY_SEARCH_PATHS = (
					"$(inherited)",
					/usr/local/boost_clang/lib/a,
					"/usr/local/cpp-netlib_clang/lib/a",
				);
				PRODUCT_NAME = "$(TARGET_NAME)";
			};
			name = Release;
		};
/* End XCBuildConfiguration section */

/* Begin XCConfigurationList section */
		C3258477175645E3000EDE42 /* Build configuration list for PBXProject "artsatd" */ = {
			isa = XCConfigurationList;
			buildConfigurations = (
				C3258483175645E3000EDE42 /* Debug */,
				C3258484175645E3000EDE42 /* Release */,
			);
			defaultConfigurationIsVisible = 0;
			defaultConfigurationName = Release;
		};
		C3258485175645E3000EDE42 /* Build configuration list for PBXNativeTarget "artsatd" */ = {
			isa = XCConfigurationList;
			buildConfigurations = (
				C3258486175645E3000EDE42 /* Debug */,
				C3258487175645E3000EDE42 /* Release */,
			);
			defaultConfigurationIsVisible = 0;
			defaultConfigurationName = Release;
		};
/* End XCConfigurationList section */
	};
	rootObject = C3258474175645E3000EDE42 /* Project object */;
}
